
Microsoft Visual Studio Solution File, Format Version 12.00
# Visual Studio Version 16
VisualStudioVersion = 16.0.30413.136
MinimumVisualStudioVersion = 10.0.40219.1
Project("{888888A0-9F3D-457C-B088-3A5042F75D52}") = "ChessMaster", "ChessMaster.pyproj", "{B312145D-DDCC-4BD8-9BFA-0DCDE111D5B5}"
EndProject
Global
	GlobalSection(SolutionConfigurationPlatforms) = preSolution
		Debug|Any CPU = Debug|Any CPU
		Release|Any CPU = Release|Any CPU
	EndGlobalSection
	GlobalSection(ProjectConfigurationPlatforms) = postSolution
		{B312145D-DDCC-4BD8-9BFA-0DCDE111D5B5}.Debug|Any CPU.ActiveCfg = Debug|Any CPU
		{B312145D-DDCC-4BD8-9BFA-0DCDE111D5B5}.Release|Any CPU.ActiveCfg = Release|Any CPU
	EndGlobalSection
	GlobalSection(SolutionProperties) = preSolution
		HideSolutionNode = FALSE
	EndGlobalSection
	GlobalSection(ExtensibilityGlobals) = postSolution
		SolutionGuid = {36894AD1-0CDA-4C38-AD54-F58535E60F69}
	EndGlobalSection
EndGlobal
